
Microsoft Visual Studio Solution File, Format Version 12.00
# Visual Studio Version 17
VisualStudioVersion = 17.0.31903.59
MinimumVisualStudioVersion = 10.0.40219.1
Project("{FAE04EC0-301F-11D3-BF4B-00C04F79EFBC}") = "EcoTrack.Authentification.Test", "EcoTrack.Authentification.Test\EcoTrack.Authentification.Test.csproj", "{25C8F7B2-ED48-4662-BFC5-FAF15AFF0333}"
EndProject
Project("{FAE04EC0-301F-11D3-BF4B-00C04F79EFBC}") = "EcoTrack.Authentification.API", "EcoTrack.Authentification.API\EcoTrack.Authentification.API.csproj", "{8A202483-3698-43EF-AAF7-2071D04C1468}"
EndProject
Global
	GlobalSection(SolutionConfigurationPlatforms) = preSolution
		Debug|Any CPU = Debug|Any CPU
		Release|Any CPU = Release|Any CPU
	EndGlobalSection
	GlobalSection(ProjectConfigurationPlatforms) = postSolution
		{25C8F7B2-ED48-4662-BFC5-FAF15AFF0333}.Debug|Any CPU.ActiveCfg = Debug|Any CPU
		{25C8F7B2-ED48-4662-BFC5-FAF15AFF0333}.Debug|Any CPU.Build.0 = Debug|Any CPU
		{25C8F7B2-ED48-4662-BFC5-FAF15AFF0333}.Release|Any CPU.ActiveCfg = Release|Any CPU
		{25C8F7B2-ED48-4662-BFC5-FAF15AFF0333}.Release|Any CPU.Build.0 = Release|Any CPU
		{8A202483-3698-43EF-AAF7-2071D04C1468}.Debug|Any CPU.ActiveCfg = Debug|Any CPU
		{8A202483-3698-43EF-AAF7-2071D04C1468}.Debug|Any CPU.Build.0 = Debug|Any CPU
		{8A202483-3698-43EF-AAF7-2071D04C1468}.Release|Any CPU.ActiveCfg = Release|Any CPU
		{8A202483-3698-43EF-AAF7-2071D04C1468}.Release|Any CPU.Build.0 = Release|Any CPU
	EndGlobalSection
	GlobalSection(SolutionProperties) = preSolution
		HideSolutionNode = FALSE
	EndGlobalSection
	GlobalSection(ExtensibilityGlobals) = postSolution
		SolutionGuid = {01E1312B-A12D-4109-8E02-D19F4FF6E2BF}
	EndGlobalSection
EndGlobal
